github.com/HuKeping/rbtree v1.0.1 h1:u14dQbBeFlc8PAnyyaKmY6BLnjgR2Eq/VWE2pB20hZc=
github.com/HuKeping/rbtree v1.0.1/go.mod h1:2BStWbEvbyeaetkzQ+piwA6EGTmTgX7tal0dLYprQ0w=
github.com/mail2sada/testpublish v0.0.0-20240207061847-119ac4d923cd h1:PtedHuXiypN9Wu+3hLyRMJ9OPi1LaQz3eGaKcnQnTWE=
github.com/mail2sada/testpublish v0.0.0-20240207061847-119ac4d923cd/go.mod h1:BHWm0zaGFjnW7VmT52d9FDVmUd6nwMfgdviuA3NXdh4=
